
Microsoft Visual Studio Solution File, Format Version 12.00
# Visual Studio Version 16
VisualStudioVersion = 16.0.30330.147
MinimumVisualStudioVersion = 10.0.40219.1
Project("{9A19103F-16F7-4668-BE54-9A1E7A4F7556}") = "EdsServer", "EdsServer\EdsServer.csproj", "{DE13B588-6BE8-482F-811E-49777E687B01}"
EndProject
Project("{9A19103F-16F7-4668-BE54-9A1E7A4F7556}") = "GrpcEdsService", "GrpcEdsService\GrpcEdsService.csproj", "{B893C0F1-176B-4B18-8780-F0056E7027C9}"
EndProject
Global
	GlobalSection(SolutionConfigurationPlatforms) = preSolution
		Debug|Any CPU = Debug|Any CPU
		Release|Any CPU = Release|Any CPU
	EndGlobalSection
	GlobalSection(ProjectConfigurationPlatforms) = postSolution
		{DE13B588-6BE8-482F-811E-49777E687B01}.Debug|Any CPU.ActiveCfg = Debug|Any CPU
		{DE13B588-6BE8-482F-811E-49777E687B01}.Debug|Any CPU.Build.0 = Debug|Any CPU
		{DE13B588-6BE8-482F-811E-49777E687B01}.Release|Any CPU.ActiveCfg = Release|Any CPU
		{DE13B588-6BE8-482F-811E-49777E687B01}.Release|Any CPU.Build.0 = Release|Any CPU
		{B893C0F1-176B-4B18-8780-F0056E7027C9}.Debug|Any CPU.ActiveCfg = Debug|Any CPU
		{B893C0F1-176B-4B18-8780-F0056E7027C9}.Debug|Any CPU.Build.0 = Debug|Any CPU
		{B893C0F1-176B-4B18-8780-F0056E7027C9}.Release|Any CPU.ActiveCfg = Release|Any CPU
		{B893C0F1-176B-4B18-8780-F0056E7027C9}.Release|Any CPU.Build.0 = Release|Any CPU
	EndGlobalSection
	GlobalSection(SolutionProperties) = preSolution
		HideSolutionNode = FALSE
	EndGlobalSection
	GlobalSection(ExtensibilityGlobals) = postSolution
		SolutionGuid = {610E0C85-62E7-4177-8AED-F09620A74485}
	EndGlobalSection
EndGlobal
